
Microsoft Visual Studio Solution File, Format Version 12.00
# Visual Studio Version 18
VisualStudioVersion = 18.10.12201.205
MinimumVisualStudioVersion = 16.0.0.0
Project("{9A19103F-16F7-4668-BE54-9A1E7A4F7556}") = "BlazorApp", "BlazorApp\BlazorApp.csproj", "{419FF52B-53CE-4E7C-B977-583CF2CD7423}"
EndProject
Project("{9A19103F-16F7-4668-BE54-9A1E7A4F7556}") = "BlazorApp.Client", "BlazorApp.Client\BlazorApp.Client.csproj", "{DF3EEFB6-9E30-4B59-9435-CCFD2ECB0B88}"
EndProject
Project("{FAE04EC0-301F-11D3-BF4B-00C04F79EFBC}") = "Domain", "..\Domain\Domain.csproj", "{B5C8CBAE-DE02-7B4C-706D-5B7BB03EEA4F}"
EndProject
Project("{FAE04EC0-301F-11D3-BF4B-00C04F79EFBC}") = "Infrastructure", "..\Infrastructure\Infrastructure.csproj", "{C89F7701-1230-045D-AC93-AE7F7C59B668}"
EndProject
Global
	GlobalSection(SolutionConfigurationPlatforms) = preSolution
		Debug|Any CPU = Debug|Any CPU
		Debug|x64 = Debug|x64
		Debug|x86 = Debug|x86
		Release|Any CPU = Release|Any CPU
		Release|x64 = Release|x64
		Release|x86 = Release|x86
	EndGlobalSection
	GlobalSection(ProjectConfigurationPlatforms) = postSolution
		{419FF52B-53CE-4E7C-B977-583CF2CD7423}.Debug|Any CPU.ActiveCfg = Debug|Any CPU
		{419FF52B-53CE-4E7C-B977-583CF2CD7423}.Debug|Any CPU.Build.0 = Debug|Any CPU
		{419FF52B-53CE-4E7C-B977-583CF2CD7423}.Debug|x64.ActiveCfg = Debug|Any CPU
		{419FF52B-53CE-4E7C-B977-583CF2CD7423}.Debug|x64.Build.0 = Debug|Any CPU
		{419FF52B-53CE-4E7C-B977-583CF2CD7423}.Debug|x86.ActiveCfg = Debug|Any CPU
		{419FF52B-53CE-4E7C-B977-583CF2CD7423}.Debug|x86.Build.0 = Debug|Any CPU
		{419FF52B-53CE-4E7C-B977-583CF2CD7423}.Release|Any CPU.ActiveCfg = Release|Any CPU
		{419FF52B-53CE-4E7C-B977-583CF2CD7423}.Release|Any CPU.Build.0 = Release|Any CPU
		{419FF52B-53CE-4E7C-B977-583CF2CD7423}.Release|x64.ActiveCfg = Release|Any CPU
		{419FF52B-53CE-4E7C-B977-583CF2CD7423}.Release|x64.Build.0 = Release|Any CPU
		{419FF52B-53CE-4E7C-B977-583CF2CD7423}.Release|x86.ActiveCfg = Release|Any CPU
		{419FF52B-53CE-4E7C-B977-583CF2CD7423}.Release|x86.Build.0 = Release|Any CPU
		{DF3EEFB6-9E30-4B59-9435-CCFD2ECB0B88}.Debug|Any CPU.ActiveCfg = Debug|Any CPU
		{DF3EEFB6-9E30-4B59-9435-CCFD2ECB0B88}.Debug|Any CPU.Build.0 = Debug|Any CPU
		{DF3EEFB6-9E30-4B59-9435-CCFD2ECB0B88}.Debug|x64.ActiveCfg = Debug|Any CPU
		{DF3EEFB6-9E30-4B59-9435-CCFD2ECB0B88}.Debug|x64.Build.0 = Debug|Any CPU
		{DF3EEFB6-9E30-4B59-9435-CCFD2ECB0B88}.Debug|x86.ActiveCfg = Debug|Any CPU
		{DF3EEFB6-9E30-4B59-9435-CCFD2ECB0B88}.Debug|x86.Build.0 = Debug|Any CPU
		{DF3EEFB6-9E30-4B59-9435-CCFD2ECB0B88}.Release|Any CPU.ActiveCfg = Release|Any CPU
		{DF3EEFB6-9E30-4B59-9435-CCFD2ECB0B88}.Release|Any CPU.Build.0 = Release|Any CPU
		{DF3EEFB6-9E30-4B59-9435-CCFD2ECB0B88}.Release|x64.ActiveCfg = Release|Any CPU
		{DF3EEFB6-9E30-4B59-9435-CCFD2ECB0B88}.Release|x64.Build.0 = Release|Any CPU
		{DF3EEFB6-9E30-4B59-9435-CCFD2ECB0B88}.Release|x86.ActiveCfg = Release|Any CPU
		{DF3EEFB6-9E30-4B59-9435-CCFD2ECB0B88}.Release|x86.Build.0 = Release|Any CPU
		{B5C8CBAE-DE02-7B4C-706D-5B7BB03EEA4F}.Debug|Any CPU.ActiveCfg = Debug|Any CPU
		{B5C8CBAE-DE02-7B4C-706D-5B7BB03EEA4F}.Debug|Any CPU.Build.0 = Debug|Any CPU
		{B5C8CBAE-DE02-7B4C-706D-5B7BB03EEA4F}.Debug|x64.ActiveCfg = Debug|Any CPU
		{B5C8CBAE-DE02-7B4C-706D-5B7BB03EEA4F}.Debug|x64.Build.0 = Debug|Any CPU
		{B5C8CBAE-DE02-7B4C-706D-5B7BB03EEA4F}.Debug|x86.ActiveCfg = Debug|Any CPU
		{B5C8CBAE-DE02-7B4C-706D-5B7BB03EEA4F}.Debug|x86.Build.0 = Debug|Any CPU
		{B5C8CBAE-DE02-7B4C-706D-5B7BB03EEA4F}.Release|Any CPU.ActiveCfg = Release|Any CPU
		{B5C8CBAE-DE02-7B4C-706D-5B7BB03EEA4F}.Release|Any CPU.Build.0 = Release|Any CPU
		{B5C8CBAE-DE02-7B4C-706D-5B7BB03EEA4F}.Release|x64.ActiveCfg = Release|Any CPU
		{B5C8CBAE-DE02-7B4C-706D-5B7BB03EEA4F}.Release|x64.Build.0 = Release|Any CPU
		{B5C8CBAE-DE02-7B4C-706D-5B7BB03EEA4F}.Release|x86.ActiveCfg = Release|Any CPU
		{B5C8CBAE-DE02-7B4C-706D-5B7BB03EEA4F}.Release|x86.Build.0 = Release|Any CPU
		{C89F7701-1230-045D-AC93-AE7F7C59B668}.Debug|Any CPU.ActiveCfg = Debug|Any CPU
		{C89F7701-1230-045D-AC93-AE7F7C59B668}.Debug|Any CPU.Build.0 = Debug|Any CPU
		{C89F7701-1230-045D-AC93-AE7F7C59B668}.Debug|x64.ActiveCfg = Debug|Any CPU
		{C89F7701-1230-045D-AC93-AE7F7C59B668}.Debug|x64.Build.0 = Debug|Any CPU
		{C89F7701-1230-045D-AC93-AE7F7C59B668}.Debug|x86.ActiveCfg = Debug|Any CPU
		{C89F7701-1230-045D-AC93-AE7F7C59B668}.Debug|x86.Build.0 = Debug|Any CPU
		{C89F7701-1230-045D-AC93-AE7F7C59B668}.Release|Any CPU.ActiveCfg = Release|Any CPU
		{C89F7701-1230-045D-AC93-AE7F7C59B668}.Release|Any CPU.Build.0 = Release|Any CPU
		{C89F7701-1230-045D-AC93-AE7F7C59B668}.Release|x64.ActiveCfg = Release|Any CPU
		{C89F7701-1230-045D-AC93-AE7F7C59B668}.Release|x64.Build.0 = Release|Any CPU
		{C89F7701-1230-045D-AC93-AE7F7C59B668}.Release|x86.ActiveCfg = Release|Any CPU
		{C89F7701-1230-045D-AC93-AE7F7C59B668}.Release|x86.Build.0 = Release|Any CPU
	EndGlobalSection
	GlobalSection(SolutionProperties) = preSolution
		HideSolutionNode = FALSE
	EndGlobalSection
	GlobalSection(ExtensibilityGlobals) = postSolution
		SolutionGuid = {2277C3F8-04E0-40F4-8290-04FD194E571C}
	EndGlobalSection
EndGlobal
